
Microsoft Visual Studio Solution File, Format Version 12.00
# Visual Studio Version 16
VisualStudioVersion = 16.0.29926.136
MinimumVisualStudioVersion = 10.0.40219.1
Project("{FAE04EC0-301F-11D3-BF4B-00C04F79EFBC}") = "CoopSimulator", "CoopSimulator\CoopSimulator.csproj", "{766AC962-329E-4BF5-9255-0BFDB712B49C}"
EndProject
Project("{FAE04EC0-301F-11D3-BF4B-00C04F79EFBC}") = "CoopSimulator.Data", "CoopSimulator.Data\CoopSimulator.Data.csproj", "{84308D10-88C9-4024-B1B0-4A7589505BF3}"
EndProject
Project("{FAE04EC0-301F-11D3-BF4B-00C04F79EFBC}") = "CoopSimulator.Helper", "CoopSimulator.Helper\CoopSimulator.Helper.csproj", "{4D8D0AAA-A59B-4106-AE9D-30A99DC7D46B}"
EndProject
Global
	GlobalSection(SolutionConfigurationPlatforms) = preSolution
		Debug|Any CPU = Debug|Any CPU
		Release|Any CPU = Release|Any CPU
	EndGlobalSection
	GlobalSection(ProjectConfigurationPlatforms) = postSolution
		{766AC962-329E-4BF5-9255-0BFDB712B49C}.Debug|Any CPU.ActiveCfg = Debug|Any CPU
		{766AC962-329E-4BF5-9255-0BFDB712B49C}.Debug|Any CPU.Build.0 = Debug|Any CPU
		{766AC962-329E-4BF5-9255-0BFDB712B49C}.Release|Any CPU.ActiveCfg = Release|Any CPU
		{766AC962-329E-4BF5-9255-0BFDB712B49C}.Release|Any CPU.Build.0 = Release|Any CPU
		{84308D10-88C9-4024-B1B0-4A7589505BF3}.Debug|Any CPU.ActiveCfg = Debug|Any CPU
		{84308D10-88C9-4024-B1B0-4A7589505BF3}.Debug|Any CPU.Build.0 = Debug|Any CPU
		{84308D10-88C9-4024-B1B0-4A7589505BF3}.Release|Any CPU.ActiveCfg = Release|Any CPU
		{84308D10-88C9-4024-B1B0-4A7589505BF3}.Release|Any CPU.Build.0 = Release|Any CPU
		{4D8D0AAA-A59B-4106-AE9D-30A99DC7D46B}.Debug|Any CPU.ActiveCfg = Debug|Any CPU
		{4D8D0AAA-A59B-4106-AE9D-30A99DC7D46B}.Debug|Any CPU.Build.0 = Debug|Any CPU
		{4D8D0AAA-A59B-4106-AE9D-30A99DC7D46B}.Release|Any CPU.ActiveCfg = Release|Any CPU
		{4D8D0AAA-A59B-4106-AE9D-30A99DC7D46B}.Release|Any CPU.Build.0 = Release|Any CPU
	EndGlobalSection
	GlobalSection(SolutionProperties) = preSolution
		HideSolutionNode = FALSE
	EndGlobalSection
	GlobalSection(ExtensibilityGlobals) = postSolution
		SolutionGuid = {1B119830-EEAE-4B51-88A6-A4619786644C}
	EndGlobalSection
EndGlobal
